
Microsoft Visual Studio Solution File, Format Version 12.00
# Visual Studio Version 17
VisualStudioVersion = 17.6.33829.357
MinimumVisualStudioVersion = 10.0.40219.1
Project("{FAE04EC0-301F-11D3-BF4B-00C04F79EFBC}") = "ListApp", "ListApp.csproj", "{8915A316-2999-42B8-88CE-5726BE276C6D}"
EndProject
Global
	GlobalSection(SolutionConfigurationPlatforms) = preSolution
		Debug|Any CPU = Debug|Any CPU
		Release|Any CPU = Release|Any CPU
	EndGlobalSection
	GlobalSection(ProjectConfigurationPlatforms) = postSolution
		{8915A316-2999-42B8-88CE-5726BE276C6D}.Debug|Any CPU.ActiveCfg = Debug|Any CPU
		{8915A316-2999-42B8-88CE-5726BE276C6D}.Debug|Any CPU.Build.0 = Debug|Any CPU
		{8915A316-2999-42B8-88CE-5726BE276C6D}.Release|Any CPU.ActiveCfg = Release|Any CPU
		{8915A316-2999-42B8-88CE-5726BE276C6D}.Release|Any CPU.Build.0 = Release|Any CPU
	EndGlobalSection
	GlobalSection(SolutionProperties) = preSolution
		HideSolutionNode = FALSE
	EndGlobalSection
	GlobalSection(ExtensibilityGlobals) = postSolution
		SolutionGuid = {50F6A8E5-9C13-484A-BDFB-189284241CF7}
	EndGlobalSection
EndGlobal
